
Microsoft Visual Studio Solution File, Format Version 12.00
# Visual Studio 14
VisualStudioVersion = 14.0.24720.0
MinimumVisualStudioVersion = 10.0.40219.1
Project("{FAE04EC0-301F-11D3-BF4B-00C04F79EFBC}") = "TuMascota", "TuMascota\TuMascota.csproj", "{D9166AFA-B021-4371-9E41-99D8709025F1}"
EndProject
Project("{FAE04EC0-301F-11D3-BF4B-00C04F79EFBC}") = "TuMascota.Tests", "TuMascota.Tests\TuMascota.Tests.csproj", "{A7CAD2CF-879F-4027-8905-983C4A99C34C}"
EndProject
Global
	GlobalSection(SolutionConfigurationPlatforms) = preSolution
		Debug|Any CPU = Debug|Any CPU
		Release|Any CPU = Release|Any CPU
	EndGlobalSection
	GlobalSection(ProjectConfigurationPlatforms) = postSolution
		{D9166AFA-B021-4371-9E41-99D8709025F1}.Debug|Any CPU.ActiveCfg = Debug|Any CPU
		{D9166AFA-B021-4371-9E41-99D8709025F1}.Debug|Any CPU.Build.0 = Debug|Any CPU
		{D9166AFA-B021-4371-9E41-99D8709025F1}.Release|Any CPU.ActiveCfg = Release|Any CPU
		{D9166AFA-B021-4371-9E41-99D8709025F1}.Release|Any CPU.Build.0 = Release|Any CPU
		{A7CAD2CF-879F-4027-8905-983C4A99C34C}.Debug|Any CPU.ActiveCfg = Debug|Any CPU
		{A7CAD2CF-879F-4027-8905-983C4A99C34C}.Debug|Any CPU.Build.0 = Debug|Any CPU
		{A7CAD2CF-879F-4027-8905-983C4A99C34C}.Release|Any CPU.ActiveCfg = Release|Any CPU
		{A7CAD2CF-879F-4027-8905-983C4A99C34C}.Release|Any CPU.Build.0 = Release|Any CPU
	EndGlobalSection
	GlobalSection(SolutionProperties) = preSolution
		HideSolutionNode = FALSE
	EndGlobalSection
EndGlobal
