
Microsoft Visual Studio Solution File, Format Version 12.00
# Visual Studio 14
VisualStudioVersion = 14.0.25420.1
MinimumVisualStudioVersion = 10.0.40219.1
Project("{2150E333-8FDC-42A3-9474-1A3956D46DE8}") = "01 Presentacion", "01 Presentacion", "{1342D47B-6BE4-4BFC-BB27-9F4CDE85297F}"
EndProject
Project("{2150E333-8FDC-42A3-9474-1A3956D46DE8}") = "02 Aplicacion", "02 Aplicacion", "{611331C2-3439-423E-8AE1-0AE5FC667837}"
EndProject
Project("{2150E333-8FDC-42A3-9474-1A3956D46DE8}") = "03 Infraestructura", "03 Infraestructura", "{C63174DA-F48B-4ABB-B70B-C969D161A658}"
EndProject
Project("{FAE04EC0-301F-11D3-BF4B-00C04F79EFBC}") = "TuMascota.AccesoDatos", "TuMascota.AccesoDatos\TuMascota.AccesoDatos.csproj", "{CABE8849-C1E1-4265-8D18-1264FEF512B6}"
EndProject
Project("{FAE04EC0-301F-11D3-BF4B-00C04F79EFBC}") = "TuMascota.AccesoDatos.Test", "TuMascota.AccesoDatos.Test\TuMascota.AccesoDatos.Test.csproj", "{2D26ECC6-7C94-4C8D-8FB3-4EBC48EEB224}"
EndProject
Project("{FAE04EC0-301F-11D3-BF4B-00C04F79EFBC}") = "WebTuMascota", "WebTuMascota\WebTuMascota.csproj", "{3117E9B4-4599-4F3B-9A16-DD79D5FE53DB}"
EndProject
Project("{FAE04EC0-301F-11D3-BF4B-00C04F79EFBC}") = "WebTuMascota.Tests", "WebTuMascota.Tests\WebTuMascota.Tests.csproj", "{14250AFD-A7CD-4725-8E48-D04578C37884}"
EndProject
Project("{FAE04EC0-301F-11D3-BF4B-00C04F79EFBC}") = "TuMascota.Aplicacion", "TuMascota.Aplicacion\TuMascota.Aplicacion.csproj", "{7AB07F1B-9FD5-4C8A-823A-F9671B03B63F}"
EndProject
Project("{FAE04EC0-301F-11D3-BF4B-00C04F79EFBC}") = "TuMascota.Aplicacion.Test", "TuMascota.Aplicacion.Test\TuMascota.Aplicacion.Test.csproj", "{07BC7149-05D3-43E2-8B5A-CDF58628AAF7}"
EndProject
Global
	GlobalSection(SolutionConfigurationPlatforms) = preSolution
		Debug|Any CPU = Debug|Any CPU
		Release|Any CPU = Release|Any CPU
	EndGlobalSection
	GlobalSection(ProjectConfigurationPlatforms) = postSolution
		{CABE8849-C1E1-4265-8D18-1264FEF512B6}.Debug|Any CPU.ActiveCfg = Debug|Any CPU
		{CABE8849-C1E1-4265-8D18-1264FEF512B6}.Debug|Any CPU.Build.0 = Debug|Any CPU
		{CABE8849-C1E1-4265-8D18-1264FEF512B6}.Release|Any CPU.ActiveCfg = Release|Any CPU
		{CABE8849-C1E1-4265-8D18-1264FEF512B6}.Release|Any CPU.Build.0 = Release|Any CPU
		{2D26ECC6-7C94-4C8D-8FB3-4EBC48EEB224}.Debug|Any CPU.ActiveCfg = Debug|Any CPU
		{2D26ECC6-7C94-4C8D-8FB3-4EBC48EEB224}.Debug|Any CPU.Build.0 = Debug|Any CPU
		{2D26ECC6-7C94-4C8D-8FB3-4EBC48EEB224}.Release|Any CPU.ActiveCfg = Release|Any CPU
		{2D26ECC6-7C94-4C8D-8FB3-4EBC48EEB224}.Release|Any CPU.Build.0 = Release|Any CPU
		{3117E9B4-4599-4F3B-9A16-DD79D5FE53DB}.Debug|Any CPU.ActiveCfg = Debug|Any CPU
		{3117E9B4-4599-4F3B-9A16-DD79D5FE53DB}.Debug|Any CPU.Build.0 = Debug|Any CPU
		{3117E9B4-4599-4F3B-9A16-DD79D5FE53DB}.Release|Any CPU.ActiveCfg = Release|Any CPU
		{3117E9B4-4599-4F3B-9A16-DD79D5FE53DB}.Release|Any CPU.Build.0 = Release|Any CPU
		{14250AFD-A7CD-4725-8E48-D04578C37884}.Debug|Any CPU.ActiveCfg = Debug|Any CPU
		{14250AFD-A7CD-4725-8E48-D04578C37884}.Debug|Any CPU.Build.0 = Debug|Any CPU
		{14250AFD-A7CD-4725-8E48-D04578C37884}.Release|Any CPU.ActiveCfg = Release|Any CPU
		{14250AFD-A7CD-4725-8E48-D04578C37884}.Release|Any CPU.Build.0 = Release|Any CPU
		{7AB07F1B-9FD5-4C8A-823A-F9671B03B63F}.Debug|Any CPU.ActiveCfg = Debug|Any CPU
		{7AB07F1B-9FD5-4C8A-823A-F9671B03B63F}.Debug|Any CPU.Build.0 = Debug|Any CPU
		{7AB07F1B-9FD5-4C8A-823A-F9671B03B63F}.Release|Any CPU.ActiveCfg = Release|Any CPU
		{7AB07F1B-9FD5-4C8A-823A-F9671B03B63F}.Release|Any CPU.Build.0 = Release|Any CPU
		{07BC7149-05D3-43E2-8B5A-CDF58628AAF7}.Debug|Any CPU.ActiveCfg = Debug|Any CPU
		{07BC7149-05D3-43E2-8B5A-CDF58628AAF7}.Debug|Any CPU.Build.0 = Debug|Any CPU
		{07BC7149-05D3-43E2-8B5A-CDF58628AAF7}.Release|Any CPU.ActiveCfg = Release|Any CPU
		{07BC7149-05D3-43E2-8B5A-CDF58628AAF7}.Release|Any CPU.Build.0 = Release|Any CPU
	EndGlobalSection
	GlobalSection(SolutionProperties) = preSolution
		HideSolutionNode = FALSE
	EndGlobalSection
	GlobalSection(NestedProjects) = preSolution
		{CABE8849-C1E1-4265-8D18-1264FEF512B6} = {C63174DA-F48B-4ABB-B70B-C969D161A658}
		{2D26ECC6-7C94-4C8D-8FB3-4EBC48EEB224} = {C63174DA-F48B-4ABB-B70B-C969D161A658}
		{3117E9B4-4599-4F3B-9A16-DD79D5FE53DB} = {1342D47B-6BE4-4BFC-BB27-9F4CDE85297F}
		{14250AFD-A7CD-4725-8E48-D04578C37884} = {1342D47B-6BE4-4BFC-BB27-9F4CDE85297F}
		{7AB07F1B-9FD5-4C8A-823A-F9671B03B63F} = {611331C2-3439-423E-8AE1-0AE5FC667837}
		{07BC7149-05D3-43E2-8B5A-CDF58628AAF7} = {611331C2-3439-423E-8AE1-0AE5FC667837}
	EndGlobalSection
EndGlobal
